
Microsoft Visual Studio Solution File, Format Version 12.00
# Visual Studio Version 16
VisualStudioVersion = 16.0.30611.23
MinimumVisualStudioVersion = 10.0.40219.1
Project("{FAE04EC0-301F-11D3-BF4B-00C04F79EFBC}") = "Lab2", "Lab2.csproj", "{766E34E7-D208-4D70-A216-7EA21D519E7A}"
EndProject
Global
	GlobalSection(SolutionConfigurationPlatforms) = preSolution
		Debug|Any CPU = Debug|Any CPU
		Release|Any CPU = Release|Any CPU
	EndGlobalSection
	GlobalSection(ProjectConfigurationPlatforms) = postSolution
		{766E34E7-D208-4D70-A216-7EA21D519E7A}.Debug|Any CPU.ActiveCfg = Debug|Any CPU
		{766E34E7-D208-4D70-A216-7EA21D519E7A}.Debug|Any CPU.Build.0 = Debug|Any CPU
		{766E34E7-D208-4D70-A216-7EA21D519E7A}.Release|Any CPU.ActiveCfg = Release|Any CPU
		{766E34E7-D208-4D70-A216-7EA21D519E7A}.Release|Any CPU.Build.0 = Release|Any CPU
	EndGlobalSection
	GlobalSection(SolutionProperties) = preSolution
		HideSolutionNode = FALSE
	EndGlobalSection
	GlobalSection(ExtensibilityGlobals) = postSolution
		SolutionGuid = {3509E815-44A4-4A3A-B88E-44ECE64BBD05}
	EndGlobalSection
EndGlobal
